// !$*UTF8*$!
{
	archiveVersion = 1;
	classes = {
	};
	objectVersion = 46;
	objects = {

/* Begin PBXBuildFile section */
		26B30DDB1C3928F9009121AE /* AppDelegate.swift in Sources */ = {isa = PBXBuildFile; fileRef = 26B30DDA1C3928F9009121AE /* AppDelegate.swift */; };
		26B30DDD1C3928F9009121AE /* ViewController.swift in Sources */ = {isa = PBXBuildFile; fileRef = 26B30DDC1C3928F9009121AE /* ViewController.swift */; };
		26B30DE01C3928F9009121AE /* Main.storyboard in Resources */ = {isa = PBXBuildFile; fileRef = 26B30DDE1C3928F9009121AE /* Main.storyboard */; };
		26B30DE21C3928F9009121AE /* Assets.xcassets in Resources */ = {isa = PBXBuildFile; fileRef = 26B30DE11C3928F9009121AE /* Assets.xcassets */; };
		26B30DE51C3928F9009121AE /* LaunchScreen.storyboard in Resources */ = {isa = PBXBuildFile; fileRef = 26B30DE31C3928F9009121AE /* LaunchScreen.storyboard */; };
		26B30DEE1C392997009121AE /* GZRangeSlider.swift in Sources */ = {isa = PBXBuildFile; fileRef = 26B30DED1C392997009121AE /* GZRangeSlider.swift */; };
/* End PBXBuildFile section */

/* Begin PBXFileReference section */
		26B30DD71C3928F8009121AE /* RangeSlider.app */ = {isa = PBXFileReference; explicitFileType = wrapper.application; includeInIndex = 0; path = RangeSlider.app; sourceTree = BUILT_PRODUCTS_DIR; };
		26B30DDA1C3928F9009121AE /* AppDelegate.swift */ = {isa = PBXFileReference; lastKnownFileType = sourcecode.swift; path = AppDelegate.swift; sourceTree = "<group>"; };
		26B30DDC1C3928F9009121AE /* ViewController.swift */ = {isa = PBXFileReference; lastKnownFileType = sourcecode.swift; path = ViewController.swift; sourceTree = "<group>"; };
		26B30DDF1C3928F9009121AE /* Base */ = {isa = PBXFileReference; lastKnownFileType = file.storyboard; name = Base; path = Base.lproj/Main.storyboard; sourceTree = "<group>"; };
		26B30DE11C3928F9009121AE /* Assets.xcassets */ = {isa = PBXFileReference; lastKnownFileType = folder.assetcatalog; path = Assets.xcassets; sourceTree = "<group>"; };
		26B30DE41C3928F9009121AE /* Base */ = {isa = PBXFileReference; lastKnownFileType = file.storyboard; name = Base; path = Base.lproj/LaunchScreen.storyboard; sourceTree = "<group>"; };
		26B30DE61C3928F9009121AE /* Info.plist */ = {isa = PBXFileReference; lastKnownFileType = text.plist.xml; path = Info.plist; sourceTree = "<group>"; };
		26B30DED1C392997009121AE /* GZRangeSlider.swift */ = {isa = PBXFileReference; fileEncoding = 4; lastKnownFileType = sourcecode.swift; path = GZRangeSlider.swift; sourceTree = "<group>"; };
/* End PBXFileReference section */

/* Begin PBXFrameworksBuildPhase section */
		26B30DD41C3928F8009121AE /* Frameworks */ = {
			isa = PBXFrameworksBuildPhase;
			buildActionMask = 2147483647;
			files = (
			);
			runOnlyForDeploymentPostprocessing = 0;
		};
/* End PBXFrameworksBuildPhase section */

/* Begin PBXGroup section */
		26B30DCE1C3928F8009121AE = {
			isa = PBXGroup;
			children = (
				26B30DD91C3928F8009121AE /* RangeSlider */,
				26B30DD81C3928F8009121AE /* Products */,
			);
			sourceTree = "<group>";
		};
		26B30DD81C3928F8009121AE /* Products */ = {
			isa = PBXGroup;
			children = (
				26B30DD71C3928F8009121AE /* RangeSlider.app */,
			);
			name = Products;
			sourceTree = "<group>";
		};
		26B30DD91C3928F8009121AE /* RangeSlider */ = {
			isa = PBXGroup;
			children = (
				26B30DEC1C39294A009121AE /* Source */,
				26B30DDA1C3928F9009121AE /* AppDelegate.swift */,
				26B30DDC1C3928F9009121AE /* ViewController.swift */,
				26B30DDE1C3928F9009121AE /* Main.storyboard */,
				26B30DE11C3928F9009121AE /* Assets.xcassets */,
				26B30DE31C3928F9009121AE /* LaunchScreen.storyboard */,
				26B30DE61C3928F9009121AE /* Info.plist */,
			);
			path = RangeSlider;
			sourceTree = "<group>";
		};
		26B30DEC1C39294A009121AE /* Source */ = {
			isa = PBXGroup;
			children = (
				26B30DED1C392997009121AE /* GZRangeSlider.swift */,
			);
			path = Source;
			sourceTree = "<group>";
		};
/* End PBXGroup section */

/* Begin PBXNativeTarget section */
		26B30DD61C3928F8009121AE /* RangeSlider */ = {
			isa = PBXNativeTarget;
			buildConfigurationList = 26B30DE91C3928F9009121AE /* Build configuration list for PBXNativeTarget "RangeSlider" */;
			buildPhases = (
				26B30DD31C3928F8009121AE /* Sources */,
				26B30DD41C3928F8009121AE /* Frameworks */,
				26B30DD51C3928F8009121AE /* Resources */,
			);
			buildRules = (
			);
			dependencies = (
			);
			name = RangeSlider;
			productName = RangeSlider;
			productReference = 26B30DD71C3928F8009121AE /* RangeSlider.app */;
			productType = "com.apple.product-type.application";
		};
/* End PBXNativeTarget section */

/* Begin PBXProject section */
		26B30DCF1C3928F8009121AE /* Project object */ = {
			isa = PBXProject;
			attributes = {
				LastSwiftUpdateCheck = 0720;
				LastUpgradeCheck = 0720;
				ORGANIZATIONNAME = "Gavin Zeng";
				TargetAttributes = {
					26B30DD61C3928F8009121AE = {
						CreatedOnToolsVersion = 7.2;
					};
				};
			};
			buildConfigurationList = 26B30DD21C3928F8009121AE /* Build configuration list for PBXProject "RangeSlider" */;
			compatibilityVersion = "Xcode 3.2";
			developmentRegion = English;
			hasScannedForEncodings = 0;
			knownRegions = (
				en,
				Base,
			);
			mainGroup = 26B30DCE1C3928F8009121AE;
			productRefGroup = 26B30DD81C3928F8009121AE /* Products */;
			projectDirPath = "";
			projectRoot = "";
			targets = (
				26B30DD61C3928F8009121AE /* RangeSlider */,
			);
		};
/* End PBXProject section */

/* Begin PBXResourcesBuildPhase section */
		26B30DD51C3928F8009121AE /* Resources */ = {
			isa = PBXResourcesBuildPhase;
			buildActionMask = 2147483647;
			files = (
				26B30DE51C3928F9009121AE /* LaunchScreen.storyboard in Resources */,
				26B30DE21C3928F9009121AE /* Assets.xcassets in Resources */,
				26B30DE01C3928F9009121AE /* Main.storyboard in Resources */,
			);
			runOnlyForDeploymentPostprocessing = 0;
		};
/* End PBXResourcesBuildPhase section */

/* Begin PBXSourcesBuildPhase section */
		26B30DD31C3928F8009121AE /* Sources */ = {
			isa = PBXSourcesBuildPhase;
			buildActionMask = 2147483647;
			files = (
				26B30DDD1C3928F9009121AE /* ViewController.swift in Sources */,
				26B30DDB1C3928F9009121AE /* AppDelegate.swift in Sources */,
				26B30DEE1C392997009121AE /* GZRangeSlider.swift in Sources */,
			);
			runOnlyForDeploymentPostprocessing = 0;
		};
/* End PBXSourcesBuildPhase section */

/* Begin PBXVariantGroup section */
		26B30DDE1C3928F9009121AE /* Main.storyboard */ = {
			isa = PBXVariantGroup;
			children = (
				26B30DDF1C3928F9009121AE /* Base */,
			);
			name = Main.storyboard;
			sourceTree = "<group>";
		};
		26B30DE31C3928F9009121AE /* LaunchScreen.storyboard */ = {
			isa = PBXVariantGroup;
			children = (
				26B30DE41C3928F9009121AE /* Base */,
			);
			name = LaunchScreen.storyboard;
			sourceTree = "<group>";
		};
/* End PBXVariantGroup section */

/* Begin XCBuildConfiguration section */
		26B30DE71C3928F9009121AE /* Debug */ = {
			isa = XCBuildConfiguration;
			buildSettings = {
				ALWAYS_SEARCH_USER_PATHS = NO;
				CLANG_CXX_LANGUAGE_STANDARD = "gnu++0x";
				CLANG_CXX_LIBRARY = "libc++";
				CLANG_ENABLE_MODULES = YES;
				CLANG_ENABLE_OBJC_ARC = YES;
				CLANG_WARN_BOOL_CONVERSION = YES;
				CLANG_WARN_CONSTANT_CONVERSION = YES;
				CLANG_WARN_DIRECT_OBJC_ISA_USAGE = YES_ERROR;
				CLANG_WARN_EMPTY_BODY = YES;
				CLANG_WARN_ENUM_CONVERSION = YES;
				CLANG_WARN_INT_CONVERSION = YES;
				CLANG_WARN_OBJC_ROOT_CLASS = YES_ERROR;
				CLANG_WARN_UNREACHABLE_CODE = YES;
				CLANG_WARN__DUPLICATE_METHOD_MATCH = YES;
				"CODE_SIGN_IDENTITY[sdk=iphoneos*]" = "iPhone Developer";
				COPY_PHASE_STRIP = NO;
				DEBUG_INFORMATION_FORMAT = dwarf;
				ENABLE_STRICT_OBJC_MSGSEND = YES;
				ENABLE_TESTABILITY = YES;
				GCC_C_LANGUAGE_STANDARD = gnu99;
				GCC_DYNAMIC_NO_PIC = NO;
				GCC_NO_COMMON_BLOCKS = YES;
				GCC_OPTIMIZATION_LEVEL = 0;
				GCC_PREPROCESSOR_DEFINITIONS = (
					"DEBUG=1",
					"$(inherited)",
				);
				GCC_WARN_64_TO_32_BIT_CONVERSION = YES;
				GCC_WARN_ABOUT_RETURN_TYPE = YES_ERROR;
				GCC_WARN_UNDECLARED_SELECTOR = YES;
				GCC_WARN_UNINITIALIZED_AUTOS = YES_AGGRESSIVE;
				GCC_WARN_UNUSED_FUNCTION = YES;
				GCC_WARN_UNUSED_VARIABLE = YES;
				IPHONEOS_DEPLOYMENT_TARGET = 9.2;
				MTL_ENABLE_DEBUG_INFO = YES;
				ONLY_ACTIVE_ARCH = YES;
				SDKROOT = iphoneos;
				SWIFT_OPTIMIZATION_LEVEL = "-Onone";
			};
			name = Debug;
		};
		26B30DE81C3928F9009121AE /* Release */ = {
			isa = XCBuildConfiguration;
			buildSettings = {
				ALWAYS_SEARCH_USER_PATHS = NO;
				CLANG_CXX_LANGUAGE_STANDARD = "gnu++0x";
				CLANG_CXX_LIBRARY = "libc++";
				CLANG_ENABLE_MODULES = YES;
				CLANG_ENABLE_OBJC_ARC = YES;
				CLANG_WARN_BOOL_CONVERSION = YES;
				CLANG_WARN_CONSTANT_CONVERSION = YES;
				CLANG_WARN_DIRECT_OBJC_ISA_USAGE = YES_ERROR;
				CLANG_WARN_EMPTY_BODY = YES;
				CLANG_WARN_ENUM_CONVERSION = YES;
				CLANG_WARN_INT_CONVERSION = YES;
				CLANG_WARN_OBJC_ROOT_CLASS = YES_ERROR;
				CLANG_WARN_UNREACHABLE_CODE = YES;
				CLANG_WARN__DUPLICATE_METHOD_MATCH = YES;
				"CODE_SIGN_IDENTITY[sdk=iphoneos*]" = "iPhone Developer";
				COPY_PHASE_STRIP = NO;
				DEBUG_INFORMATION_FORMAT = "dwarf-with-dsym";
				ENABLE_NS_ASSERTIONS = NO;
				ENABLE_STRICT_OBJC_MSGSEND = YES;
				GCC_C_LANGUAGE_STANDARD = gnu99;
				GCC_NO_COMMON_BLOCKS = YES;
				GCC_WARN_64_TO_32_BIT_CONVERSION = YES;
				GCC_WARN_ABOUT_RETURN_TYPE = YES_ERROR;
				GCC_WARN_UNDECLARED_SELECTOR = YES;
				GCC_WARN_UNINITIALIZED_AUTOS = YES_AGGRESSIVE;
				GCC_WARN_UNUSED_FUNCTION = YES;
				GCC_WARN_UNUSED_VARIABLE = YES;
				IPHONEOS_DEPLOYMENT_TARGET = 9.2;
				MTL_ENABLE_DEBUG_INFO = NO;
				SDKROOT = iphoneos;
				VALIDATE_PRODUCT = YES;
			};
			name = Release;
		};
		26B30DEA1C3928F9009121AE /* Debug */ = {
			isa = XCBuildConfiguration;
			buildSettings = {
				ASSETCATALOG_COMPILER_APPICON_NAME = AppIcon;
				INFOPLIST_FILE = RangeSlider/Info.plist;
				LD_RUNPATH_SEARCH_PATHS = "$(inherited) @executable_path/Frameworks";
				PRODUCT_BUNDLE_IDENTIFIER = com.test.rangeslider.RangeSlider;
				PRODUCT_NAME = "$(TARGET_NAME)";
			};
			name = Debug;
		};
		26B30DEB1C3928F9009121AE /* Release */ = {
			isa = XCBuildConfiguration;
			buildSettings = {
				ASSETCATALOG_COMPILER_APPICON_NAME = AppIcon;
				INFOPLIST_FILE = RangeSlider/Info.plist;
				LD_RUNPATH_SEARCH_PATHS = "$(inherited) @executable_path/Frameworks";
				PRODUCT_BUNDLE_IDENTIFIER = com.test.rangeslider.RangeSlider;
				PRODUCT_NAME = "$(TARGET_NAME)";
			};
			name = Release;
		};
/* End XCBuildConfiguration section */

/* Begin XCConfigurationList section */
		26B30DD21C3928F8009121AE /* Build configuration list for PBXProject "RangeSlider" */ = {
			isa = XCConfigurationList;
			buildConfigurations = (
				26B30DE71C3928F9009121AE /* Debug */,
				26B30DE81C3928F9009121AE /* Release */,
			);
			defaultConfigurationIsVisible = 0;
			defaultConfigurationName = Release;
		};
		26B30DE91C3928F9009121AE /* Build configuration list for PBXNativeTarget "RangeSlider" */ = {
			isa = XCConfigurationList;
			buildConfigurations = (
				26B30DEA1C3928F9009121AE /* Debug */,
				26B30DEB1C3928F9009121AE /* Release */,
			);
			defaultConfigurationIsVisible = 0;
			defaultConfigurationName = Release;
		};
/* End XCConfigurationList section */
	};
	rootObject = 26B30DCF1C3928F8009121AE /* Project object */;
}
